
Microsoft Visual Studio Solution File, Format Version 12.00
# Visual Studio 15
VisualStudioVersion = 15.0.27703.2000
MinimumVisualStudioVersion = 10.0.40219.1
Project("{FAE04EC0-301F-11D3-BF4B-00C04F79EFBC}") = "CarLoanApi", "CarLoanApi\CarLoanApi.csproj", "{2A1F17E4-C9AE-478B-878B-969BC25F587D}"
EndProject
Global
	GlobalSection(SolutionConfigurationPlatforms) = preSolution
		Debug|Any CPU = Debug|Any CPU
		Release|Any CPU = Release|Any CPU
	EndGlobalSection
	GlobalSection(ProjectConfigurationPlatforms) = postSolution
		{2A1F17E4-C9AE-478B-878B-969BC25F587D}.Debug|Any CPU.ActiveCfg = Debug|Any CPU
		{2A1F17E4-C9AE-478B-878B-969BC25F587D}.Debug|Any CPU.Build.0 = Debug|Any CPU
		{2A1F17E4-C9AE-478B-878B-969BC25F587D}.Release|Any CPU.ActiveCfg = Release|Any CPU
		{2A1F17E4-C9AE-478B-878B-969BC25F587D}.Release|Any CPU.Build.0 = Release|Any CPU
	EndGlobalSection
	GlobalSection(SolutionProperties) = preSolution
		HideSolutionNode = FALSE
	EndGlobalSection
	GlobalSection(ExtensibilityGlobals) = postSolution
		SolutionGuid = {CF1FA4D1-40C8-4F27-B77B-2BE66692A386}
	EndGlobalSection
EndGlobal
